// !$*UTF8*$!
{
	archiveVersion = 1;
	classes = {
	};
	objectVersion = 46;
	objects = {

/* Begin PBXBuildFile section */
		5A2825831F2E1EB100875BCD /* UserService.swift in Sources */ = {isa = PBXBuildFile; fileRef = 5A2825821F2E1EB100875BCD /* UserService.swift */; };
		5AA5E3151F2F5E9800B4D0F8 /* Article.swift in Sources */ = {isa = PBXBuildFile; fileRef = 5AA5E3141F2F5E9800B4D0F8 /* Article.swift */; };
		5AA5E3171F2F7D6F00B4D0F8 /* ArticleTableViewCell.swift in Sources */ = {isa = PBXBuildFile; fileRef = 5AA5E3161F2F7D6F00B4D0F8 /* ArticleTableViewCell.swift */; };
		5AA5E3191F2F7DC500B4D0F8 /* ArticleTableViewController.swift in Sources */ = {isa = PBXBuildFile; fileRef = 5AA5E3181F2F7DC500B4D0F8 /* ArticleTableViewController.swift */; };
		5AA708381F2DAD2D000822F8 /* AppDelegate.swift in Sources */ = {isa = PBXBuildFile; fileRef = 5AA708371F2DAD2D000822F8 /* AppDelegate.swift */; };
		5AA7083A1F2DAD2D000822F8 /* LoginViewController.swift in Sources */ = {isa = PBXBuildFile; fileRef = 5AA708391F2DAD2D000822F8 /* LoginViewController.swift */; };
		5AA7083D1F2DAD2D000822F8 /* Main.storyboard in Resources */ = {isa = PBXBuildFile; fileRef = 5AA7083B1F2DAD2D000822F8 /* Main.storyboard */; };
		5AA7083F1F2DAD2D000822F8 /* Assets.xcassets in Resources */ = {isa = PBXBuildFile; fileRef = 5AA7083E1F2DAD2D000822F8 /* Assets.xcassets */; };
		5AA708421F2DAD2D000822F8 /* LaunchScreen.storyboard in Resources */ = {isa = PBXBuildFile; fileRef = 5AA708401F2DAD2D000822F8 /* LaunchScreen.storyboard */; };
		5AA7084A1F2DB1ED000822F8 /* ImageBoardAPI.swift in Sources */ = {isa = PBXBuildFile; fileRef = 5AA708491F2DB1ED000822F8 /* ImageBoardAPI.swift */; };
		5AA7084C1F2DB455000822F8 /* SignUpViewController.swift in Sources */ = {isa = PBXBuildFile; fileRef = 5AA7084B1F2DB455000822F8 /* SignUpViewController.swift */; };
		5AA708541F2DB80B000822F8 /* ImageBoardTests.swift in Sources */ = {isa = PBXBuildFile; fileRef = 5AA708531F2DB80B000822F8 /* ImageBoardTests.swift */; };
/* End PBXBuildFile section */

/* Begin PBXContainerItemProxy section */
		5AA708561F2DB80B000822F8 /* PBXContainerItemProxy */ = {
			isa = PBXContainerItemProxy;
			containerPortal = 5AA7082C1F2DAD2D000822F8 /* Project object */;
			proxyType = 1;
			remoteGlobalIDString = 5AA708331F2DAD2D000822F8;
			remoteInfo = ImageBoard;
		};
/* End PBXContainerItemProxy section */

/* Begin PBXFileReference section */
		5A2825821F2E1EB100875BCD /* UserService.swift */ = {isa = PBXFileReference; fileEncoding = 4; lastKnownFileType = sourcecode.swift; path = UserService.swift; sourceTree = "<group>"; };
		5AA5E3141F2F5E9800B4D0F8 /* Article.swift */ = {isa = PBXFileReference; fileEncoding = 4; lastKnownFileType = sourcecode.swift; path = Article.swift; sourceTree = "<group>"; };
		5AA5E3161F2F7D6F00B4D0F8 /* ArticleTableViewCell.swift */ = {isa = PBXFileReference; fileEncoding = 4; lastKnownFileType = sourcecode.swift; path = ArticleTableViewCell.swift; sourceTree = "<group>"; };
		5AA5E3181F2F7DC500B4D0F8 /* ArticleTableViewController.swift */ = {isa = PBXFileReference; fileEncoding = 4; lastKnownFileType = sourcecode.swift; path = ArticleTableViewController.swift; sourceTree = "<group>"; };
		5AA708341F2DAD2D000822F8 /* ImageBoard.app */ = {isa = PBXFileReference; explicitFileType = wrapper.application; includeInIndex = 0; path = ImageBoard.app; sourceTree = BUILT_PRODUCTS_DIR; };
		5AA708371F2DAD2D000822F8 /* AppDelegate.swift */ = {isa = PBXFileReference; lastKnownFileType = sourcecode.swift; path = AppDelegate.swift; sourceTree = "<group>"; };
		5AA708391F2DAD2D000822F8 /* LoginViewController.swift */ = {isa = PBXFileReference; lastKnownFileType = sourcecode.swift; path = LoginViewController.swift; sourceTree = "<group>"; };
		5AA7083C1F2DAD2D000822F8 /* Base */ = {isa = PBXFileReference; lastKnownFileType = file.storyboard; name = Base; path = Base.lproj/Main.storyboard; sourceTree = "<group>"; };
		5AA7083E1F2DAD2D000822F8 /* Assets.xcassets */ = {isa = PBXFileReference; lastKnownFileType = folder.assetcatalog; path = Assets.xcassets; sourceTree = "<group>"; };
		5AA708411F2DAD2D000822F8 /* Base */ = {isa = PBXFileReference; lastKnownFileType = file.storyboard; name = Base; path = Base.lproj/LaunchScreen.storyboard; sourceTree = "<group>"; };
		5AA708431F2DAD2D000822F8 /* Info.plist */ = {isa = PBXFileReference; lastKnownFileType = text.plist.xml; path = Info.plist; sourceTree = "<group>"; };
		5AA708491F2DB1ED000822F8 /* ImageBoardAPI.swift */ = {isa = PBXFileReference; fileEncoding = 4; lastKnownFileType = sourcecode.swift; path = ImageBoardAPI.swift; sourceTree = "<group>"; };
		5AA7084B1F2DB455000822F8 /* SignUpViewController.swift */ = {isa = PBXFileReference; fileEncoding = 4; lastKnownFileType = sourcecode.swift; path = SignUpViewController.swift; sourceTree = "<group>"; };
		5AA708511F2DB80B000822F8 /* ImageBoardTests.xctest */ = {isa = PBXFileReference; explicitFileType = wrapper.cfbundle; includeInIndex = 0; path = ImageBoardTests.xctest; sourceTree = BUILT_PRODUCTS_DIR; };
		5AA708531F2DB80B000822F8 /* ImageBoardTests.swift */ = {isa = PBXFileReference; lastKnownFileType = sourcecode.swift; path = ImageBoardTests.swift; sourceTree = "<group>"; };
		5AA708551F2DB80B000822F8 /* Info.plist */ = {isa = PBXFileReference; lastKnownFileType = text.plist.xml; path = Info.plist; sourceTree = "<group>"; };
/* End PBXFileReference section */

/* Begin PBXFrameworksBuildPhase section */
		5AA708311F2DAD2D000822F8 /* Frameworks */ = {
			isa = PBXFrameworksBuildPhase;
			buildActionMask = 2147483647;
			files = (
			);
			runOnlyForDeploymentPostprocessing = 0;
		};
		5AA7084E1F2DB80B000822F8 /* Frameworks */ = {
			isa = PBXFrameworksBuildPhase;
			buildActionMask = 2147483647;
			files = (
			);
			runOnlyForDeploymentPostprocessing = 0;
		};
/* End PBXFrameworksBuildPhase section */

/* Begin PBXGroup section */
		5AA7082B1F2DAD2D000822F8 = {
			isa = PBXGroup;
			children = (
				5AA708361F2DAD2D000822F8 /* ImageBoard */,
				5AA708521F2DB80B000822F8 /* ImageBoardTests */,
				5AA708351F2DAD2D000822F8 /* Products */,
			);
			sourceTree = "<group>";
		};
		5AA708351F2DAD2D000822F8 /* Products */ = {
			isa = PBXGroup;
			children = (
				5AA708341F2DAD2D000822F8 /* ImageBoard.app */,
				5AA708511F2DB80B000822F8 /* ImageBoardTests.xctest */,
			);
			name = Products;
			sourceTree = "<group>";
		};
		5AA708361F2DAD2D000822F8 /* ImageBoard */ = {
			isa = PBXGroup;
			children = (
				5AA708371F2DAD2D000822F8 /* AppDelegate.swift */,
				5AA708391F2DAD2D000822F8 /* LoginViewController.swift */,
				5AA5E3141F2F5E9800B4D0F8 /* Article.swift */,
				5AA5E3161F2F7D6F00B4D0F8 /* ArticleTableViewCell.swift */,
				5AA7084B1F2DB455000822F8 /* SignUpViewController.swift */,
				5AA7083B1F2DAD2D000822F8 /* Main.storyboard */,
				5AA5E3181F2F7DC500B4D0F8 /* ArticleTableViewController.swift */,
				5AA708491F2DB1ED000822F8 /* ImageBoardAPI.swift */,
				5AA7083E1F2DAD2D000822F8 /* Assets.xcassets */,
				5AA708401F2DAD2D000822F8 /* LaunchScreen.storyboard */,
				5AA708431F2DAD2D000822F8 /* Info.plist */,
				5A2825821F2E1EB100875BCD /* UserService.swift */,
			);
			path = ImageBoard;
			sourceTree = "<group>";
		};
		5AA708521F2DB80B000822F8 /* ImageBoardTests */ = {
			isa = PBXGroup;
			children = (
				5AA708531F2DB80B000822F8 /* ImageBoardTests.swift */,
				5AA708551F2DB80B000822F8 /* Info.plist */,
			);
			path = ImageBoardTests;
			sourceTree = "<group>";
		};
/* End PBXGroup section */

/* Begin PBXNativeTarget section */
		5AA708331F2DAD2D000822F8 /* ImageBoard */ = {
			isa = PBXNativeTarget;
			buildConfigurationList = 5AA708461F2DAD2D000822F8 /* Build configuration list for PBXNativeTarget "ImageBoard" */;
			buildPhases = (
				5AA708301F2DAD2D000822F8 /* Sources */,
				5AA708311F2DAD2D000822F8 /* Frameworks */,
				5AA708321F2DAD2D000822F8 /* Resources */,
			);
			buildRules = (
			);
			dependencies = (
			);
			name = ImageBoard;
			productName = ImageBoard;
			productReference = 5AA708341F2DAD2D000822F8 /* ImageBoard.app */;
			productType = "com.apple.product-type.application";
		};
		5AA708501F2DB80B000822F8 /* ImageBoardTests */ = {
			isa = PBXNativeTarget;
			buildConfigurationList = 5AA708581F2DB80B000822F8 /* Build configuration list for PBXNativeTarget "ImageBoardTests" */;
			buildPhases = (
				5AA7084D1F2DB80B000822F8 /* Sources */,
				5AA7084E1F2DB80B000822F8 /* Frameworks */,
				5AA7084F1F2DB80B000822F8 /* Resources */,
			);
			buildRules = (
			);
			dependencies = (
				5AA708571F2DB80B000822F8 /* PBXTargetDependency */,
			);
			name = ImageBoardTests;
			productName = ImageBoardTests;
			productReference = 5AA708511F2DB80B000822F8 /* ImageBoardTests.xctest */;
			productType = "com.apple.product-type.bundle.unit-test";
		};
/* End PBXNativeTarget section */

/* Begin PBXProject section */
		5AA7082C1F2DAD2D000822F8 /* Project object */ = {
			isa = PBXProject;
			attributes = {
				LastSwiftUpdateCheck = 0830;
				LastUpgradeCheck = 0830;
				ORGANIZATIONNAME = BoostCamp;
				TargetAttributes = {
					5AA708331F2DAD2D000822F8 = {
						CreatedOnToolsVersion = 8.3.3;
						DevelopmentTeam = 8Y7YWW7H68;
						ProvisioningStyle = Automatic;
					};
					5AA708501F2DB80B000822F8 = {
						CreatedOnToolsVersion = 8.3.3;
						DevelopmentTeam = 8Y7YWW7H68;
						ProvisioningStyle = Automatic;
						TestTargetID = 5AA708331F2DAD2D000822F8;
					};
				};
			};
			buildConfigurationList = 5AA7082F1F2DAD2D000822F8 /* Build configuration list for PBXProject "ImageBoard" */;
			compatibilityVersion = "Xcode 3.2";
			developmentRegion = English;
			hasScannedForEncodings = 0;
			knownRegions = (
				en,
				Base,
			);
			mainGroup = 5AA7082B1F2DAD2D000822F8;
			productRefGroup = 5AA708351F2DAD2D000822F8 /* Products */;
			projectDirPath = "";
			projectRoot = "";
			targets = (
				5AA708331F2DAD2D000822F8 /* ImageBoard */,
				5AA708501F2DB80B000822F8 /* ImageBoardTests */,
			);
		};
/* End PBXProject section */

/* Begin PBXResourcesBuildPhase section */
		5AA708321F2DAD2D000822F8 /* Resources */ = {
			isa = PBXResourcesBuildPhase;
			buildActionMask = 2147483647;
			files = (
				5AA708421F2DAD2D000822F8 /* LaunchScreen.storyboard in Resources */,
				5AA7083F1F2DAD2D000822F8 /* Assets.xcassets in Resources */,
				5AA7083D1F2DAD2D000822F8 /* Main.storyboard in Resources */,
			);
			runOnlyForDeploymentPostprocessing = 0;
		};
		5AA7084F1F2DB80B000822F8 /* Resources */ = {
			isa = PBXResourcesBuildPhase;
			buildActionMask = 2147483647;
			files = (
			);
			runOnlyForDeploymentPostprocessing = 0;
		};
/* End PBXResourcesBuildPhase section */

/* Begin PBXSourcesBuildPhase section */
		5AA708301F2DAD2D000822F8 /* Sources */ = {
			isa = PBXSourcesBuildPhase;
			buildActionMask = 2147483647;
			files = (
				5AA7083A1F2DAD2D000822F8 /* LoginViewController.swift in Sources */,
				5AA708381F2DAD2D000822F8 /* AppDelegate.swift in Sources */,
				5AA5E3151F2F5E9800B4D0F8 /* Article.swift in Sources */,
				5AA5E3171F2F7D6F00B4D0F8 /* ArticleTableViewCell.swift in Sources */,
				5AA5E3191F2F7DC500B4D0F8 /* ArticleTableViewController.swift in Sources */,
				5AA7084C1F2DB455000822F8 /* SignUpViewController.swift in Sources */,
				5A2825831F2E1EB100875BCD /* UserService.swift in Sources */,
				5AA7084A1F2DB1ED000822F8 /* ImageBoardAPI.swift in Sources */,
			);
			runOnlyForDeploymentPostprocessing = 0;
		};
		5AA7084D1F2DB80B000822F8 /* Sources */ = {
			isa = PBXSourcesBuildPhase;
			buildActionMask = 2147483647;
			files = (
				5AA708541F2DB80B000822F8 /* ImageBoardTests.swift in Sources */,
			);
			runOnlyForDeploymentPostprocessing = 0;
		};
/* End PBXSourcesBuildPhase section */

/* Begin PBXTargetDependency section */
		5AA708571F2DB80B000822F8 /* PBXTargetDependency */ = {
			isa = PBXTargetDependency;
			target = 5AA708331F2DAD2D000822F8 /* ImageBoard */;
			targetProxy = 5AA708561F2DB80B000822F8 /* PBXContainerItemProxy */;
		};
/* End PBXTargetDependency section */

/* Begin PBXVariantGroup section */
		5AA7083B1F2DAD2D000822F8 /* Main.storyboard */ = {
			isa = PBXVariantGroup;
			children = (
				5AA7083C1F2DAD2D000822F8 /* Base */,
			);
			name = Main.storyboard;
			sourceTree = "<group>";
		};
		5AA708401F2DAD2D000822F8 /* LaunchScreen.storyboard */ = {
			isa = PBXVariantGroup;
			children = (
				5AA708411F2DAD2D000822F8 /* Base */,
			);
			name = LaunchScreen.storyboard;
			sourceTree = "<group>";
		};
/* End PBXVariantGroup section */

/* Begin XCBuildConfiguration section */
		5AA708441F2DAD2D000822F8 /* Debug */ = {
			isa = XCBuildConfiguration;
			buildSettings = {
				ALWAYS_SEARCH_USER_PATHS = NO;
				CLANG_ANALYZER_NONNULL = YES;
				CLANG_ANALYZER_NUMBER_OBJECT_CONVERSION = YES_AGGRESSIVE;
				CLANG_CXX_LANGUAGE_STANDARD = "gnu++0x";
				CLANG_CXX_LIBRARY = "libc++";
				CLANG_ENABLE_MODULES = YES;
				CLANG_ENABLE_OBJC_ARC = YES;
				CLANG_WARN_BOOL_CONVERSION = YES;
				CLANG_WARN_CONSTANT_CONVERSION = YES;
				CLANG_WARN_DIRECT_OBJC_ISA_USAGE = YES_ERROR;
				CLANG_WARN_DOCUMENTATION_COMMENTS = YES;
				CLANG_WARN_EMPTY_BODY = YES;
				CLANG_WARN_ENUM_CONVERSION = YES;
				CLANG_WARN_INFINITE_RECURSION = YES;
				CLANG_WARN_INT_CONVERSION = YES;
				CLANG_WARN_OBJC_ROOT_CLASS = YES_ERROR;
				CLANG_WARN_SUSPICIOUS_MOVE = YES;
				CLANG_WARN_UNREACHABLE_CODE = YES;
				CLANG_WARN__DUPLICATE_METHOD_MATCH = YES;
				"CODE_SIGN_IDENTITY[sdk=iphoneos*]" = "iPhone Developer";
				COPY_PHASE_STRIP = NO;
				DEBUG_INFORMATION_FORMAT = dwarf;
				ENABLE_STRICT_OBJC_MSGSEND = YES;
				ENABLE_TESTABILITY = YES;
				GCC_C_LANGUAGE_STANDARD = gnu99;
				GCC_DYNAMIC_NO_PIC = NO;
				GCC_NO_COMMON_BLOCKS = YES;
				GCC_OPTIMIZATION_LEVEL = 0;
				GCC_PREPROCESSOR_DEFINITIONS = (
					"DEBUG=1",
					"$(inherited)",
				);
				GCC_WARN_64_TO_32_BIT_CONVERSION = YES;
				GCC_WARN_ABOUT_RETURN_TYPE = YES_ERROR;
				GCC_WARN_UNDECLARED_SELECTOR = YES;
				GCC_WARN_UNINITIALIZED_AUTOS = YES_AGGRESSIVE;
				GCC_WARN_UNUSED_FUNCTION = YES;
				GCC_WARN_UNUSED_VARIABLE = YES;
				IPHONEOS_DEPLOYMENT_TARGET = 10.3;
				MTL_ENABLE_DEBUG_INFO = YES;
				ONLY_ACTIVE_ARCH = YES;
				SDKROOT = iphoneos;
				SWIFT_ACTIVE_COMPILATION_CONDITIONS = DEBUG;
				SWIFT_OPTIMIZATION_LEVEL = "-Onone";
			};
			name = Debug;
		};
		5AA708451F2DAD2D000822F8 /* Release */ = {
			isa = XCBuildConfiguration;
			buildSettings = {
				ALWAYS_SEARCH_USER_PATHS = NO;
				CLANG_ANALYZER_NONNULL = YES;
				CLANG_ANALYZER_NUMBER_OBJECT_CONVERSION = YES_AGGRESSIVE;
				CLANG_CXX_LANGUAGE_STANDARD = "gnu++0x";
				CLANG_CXX_LIBRARY = "libc++";
				CLANG_ENABLE_MODULES = YES;
				CLANG_ENABLE_OBJC_ARC = YES;
				CLANG_WARN_BOOL_CONVERSION = YES;
				CLANG_WARN_CONSTANT_CONVERSION = YES;
				CLANG_WARN_DIRECT_OBJC_ISA_USAGE = YES_ERROR;
				CLANG_WARN_DOCUMENTATION_COMMENTS = YES;
				CLANG_WARN_EMPTY_BODY = YES;
				CLANG_WARN_ENUM_CONVERSION = YES;
				CLANG_WARN_INFINITE_RECURSION = YES;
				CLANG_WARN_INT_CONVERSION = YES;
				CLANG_WARN_OBJC_ROOT_CLASS = YES_ERROR;
				CLANG_WARN_SUSPICIOUS_MOVE = YES;
				CLANG_WARN_UNREACHABLE_CODE = YES;
				CLANG_WARN__DUPLICATE_METHOD_MATCH = YES;
				"CODE_SIGN_IDENTITY[sdk=iphoneos*]" = "iPhone Developer";
				COPY_PHASE_STRIP = NO;
				DEBUG_INFORMATION_FORMAT = "dwarf-with-dsym";
				ENABLE_NS_ASSERTIONS = NO;
				ENABLE_STRICT_OBJC_MSGSEND = YES;
				GCC_C_LANGUAGE_STANDARD = gnu99;
				GCC_NO_COMMON_BLOCKS = YES;
				GCC_WARN_64_TO_32_BIT_CONVERSION = YES;
				GCC_WARN_ABOUT_RETURN_TYPE = YES_ERROR;
				GCC_WARN_UNDECLARED_SELECTOR = YES;
				GCC_WARN_UNINITIALIZED_AUTOS = YES_AGGRESSIVE;
				GCC_WARN_UNUSED_FUNCTION = YES;
				GCC_WARN_UNUSED_VARIABLE = YES;
				IPHONEOS_DEPLOYMENT_TARGET = 10.3;
				MTL_ENABLE_DEBUG_INFO = NO;
				SDKROOT = iphoneos;
				SWIFT_OPTIMIZATION_LEVEL = "-Owholemodule";
				VALIDATE_PRODUCT = YES;
			};
			name = Release;
		};
		5AA708471F2DAD2D000822F8 /* Debug */ = {
			isa = XCBuildConfiguration;
			buildSettings = {
				ASSETCATALOG_COMPILER_APPICON_NAME = AppIcon;
				DEVELOPMENT_TEAM = 8Y7YWW7H68;
				INFOPLIST_FILE = ImageBoard/Info.plist;
				LD_RUNPATH_SEARCH_PATHS = "$(inherited) @executable_path/Frameworks";
				PRODUCT_BUNDLE_IDENTIFIER = com.boostCamp.ios.ImageBoard;
				PRODUCT_NAME = "$(TARGET_NAME)";
				SWIFT_VERSION = 3.0;
			};
			name = Debug;
		};
		5AA708481F2DAD2D000822F8 /* Release */ = {
			isa = XCBuildConfiguration;
			buildSettings = {
				ASSETCATALOG_COMPILER_APPICON_NAME = AppIcon;
				DEVELOPMENT_TEAM = 8Y7YWW7H68;
				INFOPLIST_FILE = ImageBoard/Info.plist;
				LD_RUNPATH_SEARCH_PATHS = "$(inherited) @executable_path/Frameworks";
				PRODUCT_BUNDLE_IDENTIFIER = com.boostCamp.ios.ImageBoard;
				PRODUCT_NAME = "$(TARGET_NAME)";
				SWIFT_VERSION = 3.0;
			};
			name = Release;
		};
		5AA708591F2DB80B000822F8 /* Debug */ = {
			isa = XCBuildConfiguration;
			buildSettings = {
				BUNDLE_LOADER = "$(TEST_HOST)";
				DEVELOPMENT_TEAM = 8Y7YWW7H68;
				INFOPLIST_FILE = ImageBoardTests/Info.plist;
				LD_RUNPATH_SEARCH_PATHS = "$(inherited) @executable_path/Frameworks @loader_path/Frameworks";
				PRODUCT_BUNDLE_IDENTIFIER = com.boostCamp.ios.ImageBoardTests;
				PRODUCT_NAME = "$(TARGET_NAME)";
				SWIFT_VERSION = 3.0;
				TEST_HOST = "$(BUILT_PRODUCTS_DIR)/ImageBoard.app/ImageBoard";
			};
			name = Debug;
		};
		5AA7085A1F2DB80B000822F8 /* Release */ = {
			isa = XCBuildConfiguration;
			buildSettings = {
				BUNDLE_LOADER = "$(TEST_HOST)";
				DEVELOPMENT_TEAM = 8Y7YWW7H68;
				INFOPLIST_FILE = ImageBoardTests/Info.plist;
				LD_RUNPATH_SEARCH_PATHS = "$(inherited) @executable_path/Frameworks @loader_path/Frameworks";
				PRODUCT_BUNDLE_IDENTIFIER = com.boostCamp.ios.ImageBoardTests;
				PRODUCT_NAME = "$(TARGET_NAME)";
				SWIFT_VERSION = 3.0;
				TEST_HOST = "$(BUILT_PRODUCTS_DIR)/ImageBoard.app/ImageBoard";
			};
			name = Release;
		};
/* End XCBuildConfiguration section */

/* Begin XCConfigurationList section */
		5AA7082F1F2DAD2D000822F8 /* Build configuration list for PBXProject "ImageBoard" */ = {
			isa = XCConfigurationList;
			buildConfigurations = (
				5AA708441F2DAD2D000822F8 /* Debug */,
				5AA708451F2DAD2D000822F8 /* Release */,
			);
			defaultConfigurationIsVisible = 0;
			defaultConfigurationName = Release;
		};
		5AA708461F2DAD2D000822F8 /* Build configuration list for PBXNativeTarget "ImageBoard" */ = {
			isa = XCConfigurationList;
			buildConfigurations = (
				5AA708471F2DAD2D000822F8 /* Debug */,
				5AA708481F2DAD2D000822F8 /* Release */,
			);
			defaultConfigurationIsVisible = 0;
			defaultConfigurationName = Release;
		};
		5AA708581F2DB80B000822F8 /* Build configuration list for PBXNativeTarget "ImageBoardTests" */ = {
			isa = XCConfigurationList;
			buildConfigurations = (
				5AA708591F2DB80B000822F8 /* Debug */,
				5AA7085A1F2DB80B000822F8 /* Release */,
			);
			defaultConfigurationIsVisible = 0;
			defaultConfigurationName = Release;
		};
/* End XCConfigurationList section */
	};
	rootObject = 5AA7082C1F2DAD2D000822F8 /* Project object */;
}
